
Microsoft Visual Studio Solution File, Format Version 12.00
# Visual Studio Version 17
VisualStudioVersion = 17.10.35122.118
MinimumVisualStudioVersion = 10.0.40219.1
Project("{FAE04EC0-301F-11D3-BF4B-00C04F79EFBC}") = "WaiteringSystem", "WaiteringSystem.csproj", "{FCDFA90A-1A52-4B9F-B323-6D616B4D77C9}"
EndProject
Global
	GlobalSection(SolutionConfigurationPlatforms) = preSolution
		Debug|Any CPU = Debug|Any CPU
		Release|Any CPU = Release|Any CPU
	EndGlobalSection
	GlobalSection(ProjectConfigurationPlatforms) = postSolution
		{FCDFA90A-1A52-4B9F-B323-6D616B4D77C9}.Debug|Any CPU.ActiveCfg = Debug|Any CPU
		{FCDFA90A-1A52-4B9F-B323-6D616B4D77C9}.Debug|Any CPU.Build.0 = Debug|Any CPU
		{FCDFA90A-1A52-4B9F-B323-6D616B4D77C9}.Release|Any CPU.ActiveCfg = Release|Any CPU
		{FCDFA90A-1A52-4B9F-B323-6D616B4D77C9}.Release|Any CPU.Build.0 = Release|Any CPU
	EndGlobalSection
	GlobalSection(SolutionProperties) = preSolution
		HideSolutionNode = FALSE
	EndGlobalSection
	GlobalSection(ExtensibilityGlobals) = postSolution
		SolutionGuid = {EF2BABAD-1A74-4575-95D3-65066EA8C06C}
	EndGlobalSection
EndGlobal
